
Microsoft Visual Studio Solution File, Format Version 12.00
# Visual Studio 14
VisualStudioVersion = 14.0.25420.1
MinimumVisualStudioVersion = 10.0.40219.1
Project("{8BC9CEB8-8B4A-11D0-8D11-00A0C91BC942}") = "Osmium", "Osmium.vcxproj", "{4B507F03-ED5F-4A65-9BBB-412B28867CF9}"
EndProject
Project("{8BC9CEB8-8B4A-11D0-8D11-00A0C91BC942}") = "MeshTool", "MeshTool\MeshTool.vcxproj", "{CF691F46-EAF6-4DFB-A17C-FEADCC4A14DF}"
	ProjectSection(ProjectDependencies) = postProject
		{4B507F03-ED5F-4A65-9BBB-412B28867CF9} = {4B507F03-ED5F-4A65-9BBB-412B28867CF9}
	EndProjectSection
EndProject
Project("{8BC9CEB8-8B4A-11D0-8D11-00A0C91BC942}") = "ShaderTool", "ShaderTool\ShaderTool.vcxproj", "{BD568541-1714-4BCD-AEC6-D753B714D8E8}"
	ProjectSection(ProjectDependencies) = postProject
		{4B507F03-ED5F-4A65-9BBB-412B28867CF9} = {4B507F03-ED5F-4A65-9BBB-412B28867CF9}
	EndProjectSection
EndProject
Global
	GlobalSection(SolutionConfigurationPlatforms) = preSolution
		Debug|x64 = Debug|x64
		Debug|x86 = Debug|x86
		Release|x64 = Release|x64
		Release|x86 = Release|x86
	EndGlobalSection
	GlobalSection(ProjectConfigurationPlatforms) = postSolution
		{3E45B9EA-396B-4C95-9946-C68959A638BE}.Debug|x64.ActiveCfg = Debug|x64
		{3E45B9EA-396B-4C95-9946-C68959A638BE}.Debug|x64.Build.0 = Debug|x64
		{3E45B9EA-396B-4C95-9946-C68959A638BE}.Debug|x86.ActiveCfg = Debug|Win32
		{3E45B9EA-396B-4C95-9946-C68959A638BE}.Debug|x86.Build.0 = Debug|Win32
		{3E45B9EA-396B-4C95-9946-C68959A638BE}.Release|x64.ActiveCfg = Release|x64
		{3E45B9EA-396B-4C95-9946-C68959A638BE}.Release|x64.Build.0 = Release|x64
		{3E45B9EA-396B-4C95-9946-C68959A638BE}.Release|x86.ActiveCfg = Release|Win32
		{3E45B9EA-396B-4C95-9946-C68959A638BE}.Release|x86.Build.0 = Release|Win32
		{4B507F03-ED5F-4A65-9BBB-412B28867CF9}.Debug|x64.ActiveCfg = Debug|x64
		{4B507F03-ED5F-4A65-9BBB-412B28867CF9}.Debug|x64.Build.0 = Debug|x64
		{4B507F03-ED5F-4A65-9BBB-412B28867CF9}.Debug|x86.ActiveCfg = Debug|Win32
		{4B507F03-ED5F-4A65-9BBB-412B28867CF9}.Debug|x86.Build.0 = Debug|Win32
		{4B507F03-ED5F-4A65-9BBB-412B28867CF9}.Release|x64.ActiveCfg = Release|x64
		{4B507F03-ED5F-4A65-9BBB-412B28867CF9}.Release|x64.Build.0 = Release|x64
		{4B507F03-ED5F-4A65-9BBB-412B28867CF9}.Release|x86.ActiveCfg = Release|Win32
		{4B507F03-ED5F-4A65-9BBB-412B28867CF9}.Release|x86.Build.0 = Release|Win32
		{CF691F46-EAF6-4DFB-A17C-FEADCC4A14DF}.Debug|x64.ActiveCfg = Debug|x64
		{CF691F46-EAF6-4DFB-A17C-FEADCC4A14DF}.Debug|x64.Build.0 = Debug|x64
		{CF691F46-EAF6-4DFB-A17C-FEADCC4A14DF}.Debug|x86.ActiveCfg = Debug|Win32
		{CF691F46-EAF6-4DFB-A17C-FEADCC4A14DF}.Debug|x86.Build.0 = Debug|Win32
		{CF691F46-EAF6-4DFB-A17C-FEADCC4A14DF}.Release|x64.ActiveCfg = Release|x64
		{CF691F46-EAF6-4DFB-A17C-FEADCC4A14DF}.Release|x64.Build.0 = Release|x64
		{CF691F46-EAF6-4DFB-A17C-FEADCC4A14DF}.Release|x86.ActiveCfg = Release|Win32
		{CF691F46-EAF6-4DFB-A17C-FEADCC4A14DF}.Release|x86.Build.0 = Release|Win32
		{BD568541-1714-4BCD-AEC6-D753B714D8E8}.Debug|x64.ActiveCfg = Debug|x64
		{BD568541-1714-4BCD-AEC6-D753B714D8E8}.Debug|x64.Build.0 = Debug|x64
		{BD568541-1714-4BCD-AEC6-D753B714D8E8}.Debug|x86.ActiveCfg = Debug|Win32
		{BD568541-1714-4BCD-AEC6-D753B714D8E8}.Debug|x86.Build.0 = Debug|Win32
		{BD568541-1714-4BCD-AEC6-D753B714D8E8}.Release|x64.ActiveCfg = Release|x64
		{BD568541-1714-4BCD-AEC6-D753B714D8E8}.Release|x64.Build.0 = Release|x64
		{BD568541-1714-4BCD-AEC6-D753B714D8E8}.Release|x86.ActiveCfg = Release|Win32
		{BD568541-1714-4BCD-AEC6-D753B714D8E8}.Release|x86.Build.0 = Release|Win32
	EndGlobalSection
	GlobalSection(SolutionProperties) = preSolution
		HideSolutionNode = FALSE
	EndGlobalSection
EndGlobal
